
Microsoft Visual Studio Solution File, Format Version 12.00
# Visual Studio Version 17
VisualStudioVersion = 17.8.34408.163
MinimumVisualStudioVersion = 10.0.40219.1
Project("{FAE04EC0-301F-11D3-BF4B-00C04F79EFBC}") = "CO1204-Console", "CO1204-Console.csproj", "{BBD215BE-DE63-4DAC-B44B-C68749E370BA}"
EndProject
Global
	GlobalSection(SolutionConfigurationPlatforms) = preSolution
		Debug|Any CPU = Debug|Any CPU
		Release|Any CPU = Release|Any CPU
	EndGlobalSection
	GlobalSection(ProjectConfigurationPlatforms) = postSolution
		{BBD215BE-DE63-4DAC-B44B-C68749E370BA}.Debug|Any CPU.ActiveCfg = Debug|Any CPU
		{BBD215BE-DE63-4DAC-B44B-C68749E370BA}.Debug|Any CPU.Build.0 = Debug|Any CPU
		{BBD215BE-DE63-4DAC-B44B-C68749E370BA}.Release|Any CPU.ActiveCfg = Release|Any CPU
		{BBD215BE-DE63-4DAC-B44B-C68749E370BA}.Release|Any CPU.Build.0 = Release|Any CPU
	EndGlobalSection
	GlobalSection(SolutionProperties) = preSolution
		HideSolutionNode = FALSE
	EndGlobalSection
	GlobalSection(ExtensibilityGlobals) = postSolution
		SolutionGuid = {D04040A5-7B1B-41B9-A6AF-AFE50248B894}
	EndGlobalSection
EndGlobal
