
Microsoft Visual Studio Solution File, Format Version 12.00
# Visual Studio Version 17
VisualStudioVersion = 17.8.34408.163
MinimumVisualStudioVersion = 10.0.40219.1
Project("{FAE04EC0-301F-11D3-BF4B-00C04F79EFBC}") = "FormFGW", "FormFGW.csproj", "{BA792F18-FA27-4A8D-8F7C-E778BBB5FD8D}"
EndProject
Global
	GlobalSection(SolutionConfigurationPlatforms) = preSolution
		Debug|Any CPU = Debug|Any CPU
		Release|Any CPU = Release|Any CPU
	EndGlobalSection
	GlobalSection(ProjectConfigurationPlatforms) = postSolution
		{BA792F18-FA27-4A8D-8F7C-E778BBB5FD8D}.Debug|Any CPU.ActiveCfg = Debug|Any CPU
		{BA792F18-FA27-4A8D-8F7C-E778BBB5FD8D}.Debug|Any CPU.Build.0 = Debug|Any CPU
		{BA792F18-FA27-4A8D-8F7C-E778BBB5FD8D}.Release|Any CPU.ActiveCfg = Release|Any CPU
		{BA792F18-FA27-4A8D-8F7C-E778BBB5FD8D}.Release|Any CPU.Build.0 = Release|Any CPU
	EndGlobalSection
	GlobalSection(SolutionProperties) = preSolution
		HideSolutionNode = FALSE
	EndGlobalSection
	GlobalSection(ExtensibilityGlobals) = postSolution
		SolutionGuid = {A1E31080-08DD-48C8-AB8D-EF5293AC2CEA}
	EndGlobalSection
EndGlobal
